
Microsoft Visual Studio Solution File, Format Version 12.00
# Visual Studio 15
VisualStudioVersion = 15.0.27703.2047
MinimumVisualStudioVersion = 10.0.40219.1
Project("{FAE04EC0-301F-11D3-BF4B-00C04F79EFBC}") = "ComicArchive", "ComicArchive\ComicArchive.csproj", "{F180DC38-0D49-431A-B282-3ED9A7B306BC}"
EndProject
Global
	GlobalSection(SolutionConfigurationPlatforms) = preSolution
		Debug|Any CPU = Debug|Any CPU
		Release|Any CPU = Release|Any CPU
	EndGlobalSection
	GlobalSection(ProjectConfigurationPlatforms) = postSolution
		{F180DC38-0D49-431A-B282-3ED9A7B306BC}.Debug|Any CPU.ActiveCfg = Debug|Any CPU
		{F180DC38-0D49-431A-B282-3ED9A7B306BC}.Debug|Any CPU.Build.0 = Debug|Any CPU
		{F180DC38-0D49-431A-B282-3ED9A7B306BC}.Release|Any CPU.ActiveCfg = Release|Any CPU
		{F180DC38-0D49-431A-B282-3ED9A7B306BC}.Release|Any CPU.Build.0 = Release|Any CPU
	EndGlobalSection
	GlobalSection(SolutionProperties) = preSolution
		HideSolutionNode = FALSE
	EndGlobalSection
	GlobalSection(ExtensibilityGlobals) = postSolution
		SolutionGuid = {AAE4BAEE-F497-4283-94FC-CBB4D903A9B3}
	EndGlobalSection
EndGlobal
